{
  "name": "workspace",
  "version": "1.0.0",
  "lockfileVersion": 3,
  "requires": true,
  "packages": {
    "": {
      "name": "workspace",
      "version": "1.0.0",
      "license": "ISC",
      "dependencies": {
        "openssl-wrapper": "^0.3.4"
      }
    },
    "node_modules/openssl-wrapper": {
      "version": "0.3.4",
      "resolved": "https://registry.npmjs.org/openssl-wrapper/-/openssl-wrapper-0.3.4.tgz",
      "integrity": "sha512-iITsrx6Ho8V3/2OVtmZzzX8wQaKAaFXEJQdzoPUZDtyf5jWFlqo+h+OhGT4TATQ47f9ACKHua8nw7Qoy85aeKQ==",
      "license": "MIT"
    }
  }
}
